
Microsoft Visual Studio Solution File, Format Version 12.00
# Visual Studio Version 16
VisualStudioVersion = 16.0.30804.86
MinimumVisualStudioVersion = 10.0.40219.1
Project("{2150E333-8FDC-42A3-9474-1A3956D46DE8}") = ".Admin", ".Admin", "{0E909921-B414-40F3-A530-C5B3F7FA7268}"
EndProject
Project("{9A19103F-16F7-4668-BE54-9A1E7A4F7556}") = "Admin.BusinessServices", "Admin.BusinessServices\Admin.BusinessServices.csproj", "{ECF35EBE-52B2-4DC8-958A-489BCE869A27}"
EndProject
Project("{9A19103F-16F7-4668-BE54-9A1E7A4F7556}") = "Admin.Model", "Admin.Model\Admin.Model.csproj", "{04D0D158-217B-4A11-976D-882B890FC5B0}"
EndProject
Project("{FAE04EC0-301F-11D3-BF4B-00C04F79EFBC}") = "Admin.Web", "Admin.Web\Admin.Web.csproj", "{53797693-0A0A-49DB-8533-FF42CCEB1DE5}"
EndProject
Global
	GlobalSection(SolutionConfigurationPlatforms) = preSolution
		Debug|Any CPU = Debug|Any CPU
		Release|Any CPU = Release|Any CPU
	EndGlobalSection
	GlobalSection(ProjectConfigurationPlatforms) = postSolution
		{ECF35EBE-52B2-4DC8-958A-489BCE869A27}.Debug|Any CPU.ActiveCfg = Debug|Any CPU
		{ECF35EBE-52B2-4DC8-958A-489BCE869A27}.Debug|Any CPU.Build.0 = Debug|Any CPU
		{ECF35EBE-52B2-4DC8-958A-489BCE869A27}.Release|Any CPU.ActiveCfg = Release|Any CPU
		{ECF35EBE-52B2-4DC8-958A-489BCE869A27}.Release|Any CPU.Build.0 = Release|Any CPU
		{04D0D158-217B-4A11-976D-882B890FC5B0}.Debug|Any CPU.ActiveCfg = Debug|Any CPU
		{04D0D158-217B-4A11-976D-882B890FC5B0}.Debug|Any CPU.Build.0 = Debug|Any CPU
		{04D0D158-217B-4A11-976D-882B890FC5B0}.Release|Any CPU.ActiveCfg = Release|Any CPU
		{04D0D158-217B-4A11-976D-882B890FC5B0}.Release|Any CPU.Build.0 = Release|Any CPU
		{53797693-0A0A-49DB-8533-FF42CCEB1DE5}.Debug|Any CPU.ActiveCfg = Debug|Any CPU
		{53797693-0A0A-49DB-8533-FF42CCEB1DE5}.Debug|Any CPU.Build.0 = Debug|Any CPU
		{53797693-0A0A-49DB-8533-FF42CCEB1DE5}.Release|Any CPU.ActiveCfg = Release|Any CPU
		{53797693-0A0A-49DB-8533-FF42CCEB1DE5}.Release|Any CPU.Build.0 = Release|Any CPU
	EndGlobalSection
	GlobalSection(SolutionProperties) = preSolution
		HideSolutionNode = FALSE
	EndGlobalSection
	GlobalSection(NestedProjects) = preSolution
		{ECF35EBE-52B2-4DC8-958A-489BCE869A27} = {0E909921-B414-40F3-A530-C5B3F7FA7268}
		{04D0D158-217B-4A11-976D-882B890FC5B0} = {0E909921-B414-40F3-A530-C5B3F7FA7268}
		{53797693-0A0A-49DB-8533-FF42CCEB1DE5} = {0E909921-B414-40F3-A530-C5B3F7FA7268}
	EndGlobalSection
	GlobalSection(ExtensibilityGlobals) = postSolution
		SolutionGuid = {618C7EB4-2BC3-4ED1-9987-E5306D5B12A1}
	EndGlobalSection
EndGlobal
