
Microsoft Visual Studio Solution File, Format Version 12.00
# Visual Studio Version 16
VisualStudioVersion = 16.0.30804.86
MinimumVisualStudioVersion = 10.0.40219.1
Project("{2150E333-8FDC-42A3-9474-1A3956D46DE8}") = ".Admin", ".Admin", "{0E909921-B414-40F3-A530-C5B3F7FA7268}"
EndProject
Project("{9A19103F-16F7-4668-BE54-9A1E7A4F7556}") = "Admin.Web", "Admin.Web\Admin.Web.csproj", "{53797693-0A0A-49DB-8533-FF42CCEB1DE5}"
EndProject
Project("{2150E333-8FDC-42A3-9474-1A3956D46DE8}") = ".Db", ".Db", "{3C6E9A10-8D9A-461E-B085-972CE6C4AB7C}"
EndProject
Project("{2150E333-8FDC-42A3-9474-1A3956D46DE8}") = ".Entity", ".Entity", "{3D8FC7DD-4506-4286-91DF-CB934127052A}"
EndProject
Project("{9A19103F-16F7-4668-BE54-9A1E7A4F7556}") = "Admin.BusinessServices", "Admin.BusinessServices\Admin.BusinessServices.csproj", "{E7AC15AC-D3DE-4BDC-A49A-573A28CBB91B}"
EndProject
Project("{9A19103F-16F7-4668-BE54-9A1E7A4F7556}") = "Admin.Model", "Admin.Model\Admin.Model.csproj", "{8AB29BDF-99A0-4F36-B944-F5FEE32EE602}"
EndProject
Project("{9A19103F-16F7-4668-BE54-9A1E7A4F7556}") = "Command.Db1", "Command.Db1\Command.Db1.csproj", "{9524F878-F599-4721-8FA5-E3651EB700DB}"
EndProject
Project("{9A19103F-16F7-4668-BE54-9A1E7A4F7556}") = "Command.Entity1", "Command.Entity1\Command.Entity1.csproj", "{8AE6DAD1-6AE6-4C05-979B-E2576040D283}"
EndProject
Project("{2150E333-8FDC-42A3-9474-1A3956D46DE8}") = ".Mail", ".Mail", "{053AF5B1-0C1D-4EAD-86B5-BAE7CF30DD6B}"
EndProject
Project("{9A19103F-16F7-4668-BE54-9A1E7A4F7556}") = "Email", "Email\Email.csproj", "{898F110C-26D8-4EFD-8E88-29DAA8A5552F}"
EndProject
Project("{9A19103F-16F7-4668-BE54-9A1E7A4F7556}") = "WhatsApp", "WhatsApp\WhatsApp.csproj", "{7631DAB7-1C7A-4D89-9377-23642B0EFD2D}"
EndProject
Global
	GlobalSection(SolutionConfigurationPlatforms) = preSolution
		Debug|Any CPU = Debug|Any CPU
		Release|Any CPU = Release|Any CPU
	EndGlobalSection
	GlobalSection(ProjectConfigurationPlatforms) = postSolution
		{53797693-0A0A-49DB-8533-FF42CCEB1DE5}.Debug|Any CPU.ActiveCfg = Debug|Any CPU
		{53797693-0A0A-49DB-8533-FF42CCEB1DE5}.Debug|Any CPU.Build.0 = Debug|Any CPU
		{53797693-0A0A-49DB-8533-FF42CCEB1DE5}.Release|Any CPU.ActiveCfg = Release|Any CPU
		{53797693-0A0A-49DB-8533-FF42CCEB1DE5}.Release|Any CPU.Build.0 = Release|Any CPU
		{E7AC15AC-D3DE-4BDC-A49A-573A28CBB91B}.Debug|Any CPU.ActiveCfg = Debug|Any CPU
		{E7AC15AC-D3DE-4BDC-A49A-573A28CBB91B}.Debug|Any CPU.Build.0 = Debug|Any CPU
		{E7AC15AC-D3DE-4BDC-A49A-573A28CBB91B}.Release|Any CPU.ActiveCfg = Release|Any CPU
		{E7AC15AC-D3DE-4BDC-A49A-573A28CBB91B}.Release|Any CPU.Build.0 = Release|Any CPU
		{8AB29BDF-99A0-4F36-B944-F5FEE32EE602}.Debug|Any CPU.ActiveCfg = Debug|Any CPU
		{8AB29BDF-99A0-4F36-B944-F5FEE32EE602}.Debug|Any CPU.Build.0 = Debug|Any CPU
		{8AB29BDF-99A0-4F36-B944-F5FEE32EE602}.Release|Any CPU.ActiveCfg = Release|Any CPU
		{8AB29BDF-99A0-4F36-B944-F5FEE32EE602}.Release|Any CPU.Build.0 = Release|Any CPU
		{9524F878-F599-4721-8FA5-E3651EB700DB}.Debug|Any CPU.ActiveCfg = Debug|Any CPU
		{9524F878-F599-4721-8FA5-E3651EB700DB}.Debug|Any CPU.Build.0 = Debug|Any CPU
		{9524F878-F599-4721-8FA5-E3651EB700DB}.Release|Any CPU.ActiveCfg = Release|Any CPU
		{9524F878-F599-4721-8FA5-E3651EB700DB}.Release|Any CPU.Build.0 = Release|Any CPU
		{8AE6DAD1-6AE6-4C05-979B-E2576040D283}.Debug|Any CPU.ActiveCfg = Debug|Any CPU
		{8AE6DAD1-6AE6-4C05-979B-E2576040D283}.Debug|Any CPU.Build.0 = Debug|Any CPU
		{8AE6DAD1-6AE6-4C05-979B-E2576040D283}.Release|Any CPU.ActiveCfg = Release|Any CPU
		{8AE6DAD1-6AE6-4C05-979B-E2576040D283}.Release|Any CPU.Build.0 = Release|Any CPU
		{898F110C-26D8-4EFD-8E88-29DAA8A5552F}.Debug|Any CPU.ActiveCfg = Debug|Any CPU
		{898F110C-26D8-4EFD-8E88-29DAA8A5552F}.Debug|Any CPU.Build.0 = Debug|Any CPU
		{898F110C-26D8-4EFD-8E88-29DAA8A5552F}.Release|Any CPU.ActiveCfg = Release|Any CPU
		{898F110C-26D8-4EFD-8E88-29DAA8A5552F}.Release|Any CPU.Build.0 = Release|Any CPU
		{7631DAB7-1C7A-4D89-9377-23642B0EFD2D}.Debug|Any CPU.ActiveCfg = Debug|Any CPU
		{7631DAB7-1C7A-4D89-9377-23642B0EFD2D}.Debug|Any CPU.Build.0 = Debug|Any CPU
		{7631DAB7-1C7A-4D89-9377-23642B0EFD2D}.Release|Any CPU.ActiveCfg = Release|Any CPU
		{7631DAB7-1C7A-4D89-9377-23642B0EFD2D}.Release|Any CPU.Build.0 = Release|Any CPU
	EndGlobalSection
	GlobalSection(SolutionProperties) = preSolution
		HideSolutionNode = FALSE
	EndGlobalSection
	GlobalSection(NestedProjects) = preSolution
		{53797693-0A0A-49DB-8533-FF42CCEB1DE5} = {0E909921-B414-40F3-A530-C5B3F7FA7268}
		{E7AC15AC-D3DE-4BDC-A49A-573A28CBB91B} = {0E909921-B414-40F3-A530-C5B3F7FA7268}
		{8AB29BDF-99A0-4F36-B944-F5FEE32EE602} = {0E909921-B414-40F3-A530-C5B3F7FA7268}
		{9524F878-F599-4721-8FA5-E3651EB700DB} = {3C6E9A10-8D9A-461E-B085-972CE6C4AB7C}
		{8AE6DAD1-6AE6-4C05-979B-E2576040D283} = {3D8FC7DD-4506-4286-91DF-CB934127052A}
		{898F110C-26D8-4EFD-8E88-29DAA8A5552F} = {053AF5B1-0C1D-4EAD-86B5-BAE7CF30DD6B}
		{7631DAB7-1C7A-4D89-9377-23642B0EFD2D} = {053AF5B1-0C1D-4EAD-86B5-BAE7CF30DD6B}
	EndGlobalSection
	GlobalSection(ExtensibilityGlobals) = postSolution
		SolutionGuid = {618C7EB4-2BC3-4ED1-9987-E5306D5B12A1}
	EndGlobalSection
EndGlobal
